# THIS IS AN AUTOGENERATED FILE. DO NOT EDIT THIS FILE DIRECTLY.
# yarn lockfile v1


dgram@^1.0.1:
  version "1.0.1"
  resolved "https://registry.yarnpkg.com/dgram/-/dgram-1.0.1.tgz#37f3b200f8033a5ff759303089c81ce361b651c3"
  integrity sha512-zJVFL1EWfKtE0z2VN6qfpn/a+qG1viEzcwJA0EjtzS76ONSE3sEyWBwEbo32hS4IFw/EWVuWN+8b89aPW6It2A==

events@^3.3.0:
  version "3.3.0"
  resolved "https://registry.yarnpkg.com/events/-/events-3.3.0.tgz#31a95ad0a924e2d2c419a813aeb2c4e878ea7400"
  integrity sha512-mQw+2fkQbALzQ7V0MY0IqdnXNOeTtP4r0lN9z7AAawCXgqea7bDii20AYrIBrFd/Hx0M2Ocz6S111CaFkUcb0Q==

ifc2@^1.0.22:
  version "1.0.22"
  resolved "https://registry.yarnpkg.com/ifc2/-/ifc2-1.0.22.tgz#dce264a16db1d07a2949884d84d4911fb2b5351d"
  integrity sha512-5xPixl1pkYTfbUdQ7I+bzvPeqrIy3cbUq7lIsFb/TfCnE0GFqaft+i478UbqyE8WIbNsAsxEf0Ho6jysWy110w==
  dependencies:
    dgram "^1.0.1"
    events "^3.3.0"
    net "^1.0.2"
    stringview "^2.1.1"

net@^1.0.2:
  version "1.0.2"
  resolved "https://registry.yarnpkg.com/net/-/net-1.0.2.tgz#d1757ec9a7fb2371d83cf4755ce3e27e10829388"
  integrity sha512-kbhcj2SVVR4caaVnGLJKmlk2+f+oLkjqdKeQlmUtz6nGzOpbcobwVIeSURNgraV/v3tlmGIX82OcPCl0K6RbHQ==

stringview@^2.1.1:
  version "2.1.1"
  resolved "https://registry.yarnpkg.com/stringview/-/stringview-2.1.1.tgz#c3b23c7950ef4a0ea4a85ab7a1d28d5619c371dd"
  integrity sha512-hsaj+P//gLkAnYB6QUT5Kg/2T/ExTfNJUvKhRe980H8rRrXLlG4Q3U2EITbu4Ku1k/Aw/4MZHUUiNZVJtm63PQ==
