# THIS IS AN AUTOGENERATED FILE. DO NOT EDIT THIS FILE DIRECTLY.
# yarn lockfile v1


stringview@2.1.1:
  version "2.1.1"
  resolved "https://registry.yarnpkg.com/stringview/-/stringview-2.1.1.tgz#c3b23c7950ef4a0ea4a85ab7a1d28d5619c371dd"
  integrity sha512-hsaj+P//gLkAnYB6QUT5Kg/2T/ExTfNJUvKhRe980H8rRrXLlG4Q3U2EITbu4Ku1k/Aw/4MZHUUiNZVJtm63PQ==
